
Microsoft Visual Studio Solution File, Format Version 12.00
# Visual Studio Version 17
VisualStudioVersion = 17.5.002.0
MinimumVisualStudioVersion = 10.0.40219.1
Project("{2150E333-8FDC-42A3-9474-1A3956D46DE8}") = "backend", "backend", "{74AAC1DF-2573-4871-B254-676DA6596834}"
EndProject
Project("{9A19103F-16F7-4668-BE54-9A1E7A4F7556}") = "api", "backend\api\api.csproj", "{7DBD01A9-1512-41A0-94E9-6F5BF33F1038}"
EndProject
Project("{9A19103F-16F7-4668-BE54-9A1E7A4F7556}") = "tests", "backend\tests\tests.csproj", "{578949FA-B757-4CF2-A5FC-9B479D786106}"
EndProject
Global
	GlobalSection(SolutionConfigurationPlatforms) = preSolution
		Debug|Any CPU = Debug|Any CPU
		Release|Any CPU = Release|Any CPU
	EndGlobalSection
	GlobalSection(ProjectConfigurationPlatforms) = postSolution
		{7DBD01A9-1512-41A0-94E9-6F5BF33F1038}.Debug|Any CPU.ActiveCfg = Debug|Any CPU
		{7DBD01A9-1512-41A0-94E9-6F5BF33F1038}.Debug|Any CPU.Build.0 = Debug|Any CPU
		{7DBD01A9-1512-41A0-94E9-6F5BF33F1038}.Release|Any CPU.ActiveCfg = Release|Any CPU
		{7DBD01A9-1512-41A0-94E9-6F5BF33F1038}.Release|Any CPU.Build.0 = Release|Any CPU
		{578949FA-B757-4CF2-A5FC-9B479D786106}.Debug|Any CPU.ActiveCfg = Debug|Any CPU
		{578949FA-B757-4CF2-A5FC-9B479D786106}.Debug|Any CPU.Build.0 = Debug|Any CPU
		{578949FA-B757-4CF2-A5FC-9B479D786106}.Release|Any CPU.ActiveCfg = Release|Any CPU
		{578949FA-B757-4CF2-A5FC-9B479D786106}.Release|Any CPU.Build.0 = Release|Any CPU
	EndGlobalSection
	GlobalSection(SolutionProperties) = preSolution
		HideSolutionNode = FALSE
	EndGlobalSection
	GlobalSection(NestedProjects) = preSolution
		{7DBD01A9-1512-41A0-94E9-6F5BF33F1038} = {74AAC1DF-2573-4871-B254-676DA6596834}
		{578949FA-B757-4CF2-A5FC-9B479D786106} = {74AAC1DF-2573-4871-B254-676DA6596834}
	EndGlobalSection
	GlobalSection(ExtensibilityGlobals) = postSolution
		SolutionGuid = {CA37E782-525B-43F1-A7CE-0890B25843CB}
	EndGlobalSection
EndGlobal
